<?xml version="1.0" encoding="utf-8"?>
<Project ToolsVersion="4.0" xmlns="http://schemas.microsoft.com/developer/msbuild/2003">
  <ItemGroup>
    <Filter Include="Source Files">
      <UniqueIdentifier>{4FC737F1-C7A5-4376-A066-2A32D752A2FF}</UniqueIdentifier>
      <Extensions>cpp;c;cc;cxx;c++;cppm;ixx;def;odl;idl;hpj;bat;asm;asmx</Extensions>
    </Filter>
    <Filter Include="Header Files">
      <UniqueIdentifier>{93995380-89BD-4b04-88EB-625FBE52EBFB}</UniqueIdentifier>
      <Extensions>h;hh;hpp;hxx;h++;hm;inl;inc;ipp;xsd</Extensions>
    </Filter>
    <Filter Include="Resource Files">
      <UniqueIdentifier>{67DA6AB6-F800-4c08-8B7A-83BB121AAD01}</UniqueIdentifier>
      <Extensions>rc;ico;cur;bmp;dlg;rc2;rct;bin;rgs;gif;jpg;jpeg;jpe;resx;tiff;tif;png;wav;mfcribbon-ms</Extensions>
    </Filter>
  </ItemGroup>
  <ItemGroup>
    <ClCompile Include="app.cpp">
      <Filter>Source Files</Filter>
    </ClCompile>
    <ClCompile Include="src\entity.cpp">
      <Filter>Source Files</Filter>
    </ClCompile>
    <ClCompile Include="src\player.cpp">
      <Filter>Source Files</Filter>
    </ClCompile>
    <ClCompile Include="src\Item.cpp">
      <Filter>Source Files</Filter>
    </ClCompile>
    <ClCompile Include="src\Achievement.cpp">
      <Filter>Source Files</Filter>
    </ClCompile>
    <ClCompile Include="src\Buff.cpp">
      <Filter>Source Files</Filter>
    </ClCompile>
    <ClCompile Include="src\Debuff.cpp">
      <Filter>Source Files</Filter>
    </ClCompile>
    <ClCompile Include="src\Equipment.cpp">
      <Filter>Source Files</Filter>
    </ClCompile>
    <ClCompile Include="src\MainQuest.cpp">
      <Filter>Source Files</Filter>
    </ClCompile>
    <ClCompile Include="Engine\src\GameEngine.cpp">
      <Filter>Source Files</Filter>
    </ClCompile>
    <ClCompile Include="Engine\src\MapGenerator.cpp">
      <Filter>Source Files</Filter>
    </ClCompile>
    <ClCompile Include="src\Enemy.cpp">
      <Filter>Source Files</Filter>
    </ClCompile>
    <ClCompile Include="server\Server.cpp">
      <Filter>Source Files</Filter>
    </ClCompile>
    <ClCompile Include="client\client.cpp">
      <Filter>Source Files</Filter>
    </ClCompile>
  </ItemGroup>
  <ItemGroup>
    <ClInclude Include="headers\entity.h">
      <Filter>Header Files</Filter>
    </ClInclude>
    <ClInclude Include="headers\player.h">
      <Filter>Header Files</Filter>
    </ClInclude>
    <ClInclude Include="headers\Item.h">
      <Filter>Header Files</Filter>
    </ClInclude>
    <ClInclude Include="headers\Quest.h">
      <Filter>Header Files</Filter>
    </ClInclude>
    <ClInclude Include="headers\Skill.h">
      <Filter>Header Files</Filter>
    </ClInclude>
    <ClInclude Include="headers\Achievement.h">
      <Filter>Header Files</Filter>
    </ClInclude>
    <ClInclude Include="headers\Buff.h">
      <Filter>Header Files</Filter>
    </ClInclude>
    <ClInclude Include="headers\Debuff.h">
      <Filter>Header Files</Filter>
    </ClInclude>
    <ClInclude Include="headers\Equipment.h">
      <Filter>Header Files</Filter>
    </ClInclude>
    <ClInclude Include="headers\MainQuest.h">
      <Filter>Header Files</Filter>
    </ClInclude>
    <ClInclude Include="Engine\headers\Engine.h">
      <Filter>Header Files</Filter>
    </ClInclude>
    <ClInclude Include="Engine\headers\GameEngine.h">
      <Filter>Header Files</Filter>
    </ClInclude>
    <ClInclude Include="Engine\headers\MapGenerator.h">
      <Filter>Header Files</Filter>
    </ClInclude>
    <ClInclude Include="headers\Enemy.h">
      <Filter>Header Files</Filter>
    </ClInclude>
    <ClInclude Include="server\Server.h">
      <Filter>Header Files</Filter>
    </ClInclude>
    <ClInclude Include="client\client.h">
      <Filter>Header Files</Filter>
    </ClInclude>
  </ItemGroup>
  <ItemGroup>
    <None Include=".gitattributes" />
    <None Include=".gitignore" />
    <None Include="README.md" />
    <None Include="..\2d_game_boilerplate\sfml-audio-3.dll" />
    <None Include="..\2d_game_boilerplate\sfml-audio-d-3.dll" />
    <None Include="..\2d_game_boilerplate\sfml-graphics-3.dll" />
    <None Include="..\2d_game_boilerplate\sfml-graphics-d-3.dll" />
    <None Include="..\2d_game_boilerplate\sfml-network-3.dll" />
    <None Include="..\2d_game_boilerplate\sfml-network-d-3.dll" />
    <None Include="..\2d_game_boilerplate\sfml-system-3.dll" />
    <None Include="..\2d_game_boilerplate\sfml-system-d-3.dll" />
    <None Include="..\2d_game_boilerplate\sfml-window-3.dll" />
    <None Include="..\2d_game_boilerplate\sfml-window-d-3.dll" />
  </ItemGroup>
  <ItemGroup>
    <Text Include="LICENSE.txt" />
    <Text Include="assets\textures\32rogues\animals.txt" />
    <Text Include="assets\textures\32rogues\animated-tiles.txt" />
    <Text Include="assets\textures\32rogues\autotiles.txt" />
    <Text Include="assets\textures\32rogues\items.txt" />
    <Text Include="assets\textures\32rogues\LICENSE.txt" />
    <Text Include="assets\textures\32rogues\monsters.txt" />
    <Text Include="assets\textures\32rogues\rogues.txt" />
    <Text Include="assets\textures\32rogues\tiles.txt" />
  </ItemGroup>
  <ItemGroup>
    <Image Include="assets\textures\tileset3.png">
      <Filter>Resource Files</Filter>
    </Image>
    <Image Include="assets\textures\tileset1.png">
      <Filter>Resource Files</Filter>
    </Image>
    <Image Include="assets\textures\tileset2.png">
      <Filter>Resource Files</Filter>
    </Image>
    <Image Include="assets\textures\tileset4.bmp">
      <Filter>Resource Files</Filter>
    </Image>
    <Image Include="assets\textures\tileset.png">
      <Filter>Resource Files</Filter>
    </Image>
    <Image Include="assets\textures\32rogues\32rogues-palette.png">
      <Filter>Resource Files</Filter>
    </Image>
    <Image Include="assets\textures\32rogues\animals.png">
      <Filter>Resource Files</Filter>
    </Image>
    <Image Include="assets\textures\32rogues\animated-tiles.png">
      <Filter>Resource Files</Filter>
    </Image>
    <Image Include="assets\textures\32rogues\autotiles.png">
      <Filter>Resource Files</Filter>
    </Image>
    <Image Include="assets\textures\32rogues\items.png">
      <Filter>Resource Files</Filter>
    </Image>
    <Image Include="assets\textures\32rogues\items-palette-swaps.png">
      <Filter>Resource Files</Filter>
    </Image>
    <Image Include="assets\textures\32rogues\monsters.png">
      <Filter>Resource Files</Filter>
    </Image>
    <Image Include="assets\textures\32rogues\rogues.png">
      <Filter>Resource Files</Filter>
    </Image>
    <Image Include="assets\textures\32rogues\tiles.png">
      <Filter>Resource Files</Filter>
    </Image>
  </ItemGroup>
</Project>